
Microsoft Visual Studio Solution File, Format Version 12.00
# Visual Studio 14
VisualStudioVersion = 14.0.25420.1
MinimumVisualStudioVersion = 10.0.40219.1
Project("{FAE04EC0-301F-11D3-BF4B-00C04F79EFBC}") = "Portier.Authorization", "src\Portier.Authorization\Portier.Authorization.csproj", "{22BDA82F-CA9B-411C-8269-7138F9C407EF}"
EndProject
Project("{FAE04EC0-301F-11D3-BF4B-00C04F79EFBC}") = "Portier.Authentication.Tests", "test\Portier.Authentication.Tests\Portier.Authentication.Tests.csproj", "{001B7029-3B43-4234-A8C1-1433F5D47DE6}"
EndProject
Global
	GlobalSection(SolutionConfigurationPlatforms) = preSolution
		Debug|Any CPU = Debug|Any CPU
		Release|Any CPU = Release|Any CPU
	EndGlobalSection
	GlobalSection(ProjectConfigurationPlatforms) = postSolution
		{22BDA82F-CA9B-411C-8269-7138F9C407EF}.Debug|Any CPU.ActiveCfg = Debug|Any CPU
		{22BDA82F-CA9B-411C-8269-7138F9C407EF}.Debug|Any CPU.Build.0 = Debug|Any CPU
		{22BDA82F-CA9B-411C-8269-7138F9C407EF}.Release|Any CPU.ActiveCfg = Release|Any CPU
		{22BDA82F-CA9B-411C-8269-7138F9C407EF}.Release|Any CPU.Build.0 = Release|Any CPU
		{001B7029-3B43-4234-A8C1-1433F5D47DE6}.Debug|Any CPU.ActiveCfg = Debug|Any CPU
		{001B7029-3B43-4234-A8C1-1433F5D47DE6}.Debug|Any CPU.Build.0 = Debug|Any CPU
		{001B7029-3B43-4234-A8C1-1433F5D47DE6}.Release|Any CPU.ActiveCfg = Release|Any CPU
		{001B7029-3B43-4234-A8C1-1433F5D47DE6}.Release|Any CPU.Build.0 = Release|Any CPU
	EndGlobalSection
	GlobalSection(SolutionProperties) = preSolution
		HideSolutionNode = FALSE
	EndGlobalSection
EndGlobal
