
Microsoft Visual Studio Solution File, Format Version 12.00
# Visual Studio 15
VisualStudioVersion = 15.0.26430.13
MinimumVisualStudioVersion = 10.0.40219.1
Project("{2150E333-8FDC-42A3-9474-1A3956D46DE8}") = "Samples", "Samples", "{8B7070EB-F4EC-4509-8E3D-420F9EE51582}"
EndProject
Project("{FAE04EC0-301F-11D3-BF4B-00C04F79EFBC}") = "Portier.Authorization.NetFx", "src\Portier.Authorization.NetFx\Portier.Authorization.NetFx.csproj", "{22BDA82F-CA9B-411C-8269-7138F9C407EF}"
EndProject
Project("{FAE04EC0-301F-11D3-BF4B-00C04F79EFBC}") = "Portier.Authorization.Tests.NetFx", "test\Portier.Authorization.Tests.NetFx\Portier.Authorization.Tests.NetFx.csproj", "{001B7029-3B43-4234-A8C1-1433F5D47DE6}"
EndProject
Project("{9A19103F-16F7-4668-BE54-9A1E7A4F7556}") = "Portier.Authorization.NetStandard", "src\Portier.Authorization.NetStandard\Portier.Authorization.NetStandard.csproj", "{4025CCEA-AC5A-42F7-B4FF-B82536683EB2}"
EndProject
Project("{2150E333-8FDC-42A3-9474-1A3956D46DE8}") = "Tests", "Tests", "{0F060775-7088-4AAB-A7E6-96A3FD0CFFC4}"
EndProject
Project("{9A19103F-16F7-4668-BE54-9A1E7A4F7556}") = "Portier.Authorization.Tests.NetCore", "test\Portier.Authorization.Tests.NetCore\Portier.Authorization.Tests.NetCore.csproj", "{870BE12F-B5C5-4304-9D79-5FABA880C5EE}"
EndProject
Global
	GlobalSection(SolutionConfigurationPlatforms) = preSolution
		Debug|Any CPU = Debug|Any CPU
		Release|Any CPU = Release|Any CPU
	EndGlobalSection
	GlobalSection(ProjectConfigurationPlatforms) = postSolution
		{22BDA82F-CA9B-411C-8269-7138F9C407EF}.Debug|Any CPU.ActiveCfg = Debug|Any CPU
		{22BDA82F-CA9B-411C-8269-7138F9C407EF}.Debug|Any CPU.Build.0 = Debug|Any CPU
		{22BDA82F-CA9B-411C-8269-7138F9C407EF}.Release|Any CPU.ActiveCfg = Release|Any CPU
		{22BDA82F-CA9B-411C-8269-7138F9C407EF}.Release|Any CPU.Build.0 = Release|Any CPU
		{001B7029-3B43-4234-A8C1-1433F5D47DE6}.Debug|Any CPU.ActiveCfg = Debug|Any CPU
		{001B7029-3B43-4234-A8C1-1433F5D47DE6}.Debug|Any CPU.Build.0 = Debug|Any CPU
		{001B7029-3B43-4234-A8C1-1433F5D47DE6}.Release|Any CPU.ActiveCfg = Release|Any CPU
		{001B7029-3B43-4234-A8C1-1433F5D47DE6}.Release|Any CPU.Build.0 = Release|Any CPU
		{4025CCEA-AC5A-42F7-B4FF-B82536683EB2}.Debug|Any CPU.ActiveCfg = Debug|Any CPU
		{4025CCEA-AC5A-42F7-B4FF-B82536683EB2}.Debug|Any CPU.Build.0 = Debug|Any CPU
		{4025CCEA-AC5A-42F7-B4FF-B82536683EB2}.Release|Any CPU.ActiveCfg = Release|Any CPU
		{4025CCEA-AC5A-42F7-B4FF-B82536683EB2}.Release|Any CPU.Build.0 = Release|Any CPU
		{870BE12F-B5C5-4304-9D79-5FABA880C5EE}.Debug|Any CPU.ActiveCfg = Debug|Any CPU
		{870BE12F-B5C5-4304-9D79-5FABA880C5EE}.Debug|Any CPU.Build.0 = Debug|Any CPU
		{870BE12F-B5C5-4304-9D79-5FABA880C5EE}.Release|Any CPU.ActiveCfg = Release|Any CPU
		{870BE12F-B5C5-4304-9D79-5FABA880C5EE}.Release|Any CPU.Build.0 = Release|Any CPU
	EndGlobalSection
	GlobalSection(SolutionProperties) = preSolution
		HideSolutionNode = FALSE
	EndGlobalSection
	GlobalSection(NestedProjects) = preSolution
		{001B7029-3B43-4234-A8C1-1433F5D47DE6} = {0F060775-7088-4AAB-A7E6-96A3FD0CFFC4}
		{870BE12F-B5C5-4304-9D79-5FABA880C5EE} = {0F060775-7088-4AAB-A7E6-96A3FD0CFFC4}
	EndGlobalSection
EndGlobal
